
Microsoft Visual Studio Solution File, Format Version 12.00
Project("{FAE04EC0-301F-11D3-BF4B-00C04F79EFBC}") = "chatapptestnotborken", "chatapptestnotborken\chatapptestnotborken\chatapptestnotborken.csproj", "{8F1CFB94-E12E-4583-AE02-AC4FD6C8D249}"
EndProject
Project("{FAE04EC0-301F-11D3-BF4B-00C04F79EFBC}") = "chatapptestnotborken.Client", "chatapptestnotborken\chatapptestnotborken.Client\chatapptestnotborken.Client.csproj", "{B972A901-EE18-4499-99AF-24FFD66E2084}"
EndProject
Global
	GlobalSection(SolutionConfigurationPlatforms) = preSolution
		Debug|Any CPU = Debug|Any CPU
		Release|Any CPU = Release|Any CPU
	EndGlobalSection
	GlobalSection(ProjectConfigurationPlatforms) = postSolution
		{8F1CFB94-E12E-4583-AE02-AC4FD6C8D249}.Debug|Any CPU.ActiveCfg = Debug|Any CPU
		{8F1CFB94-E12E-4583-AE02-AC4FD6C8D249}.Debug|Any CPU.Build.0 = Debug|Any CPU
		{8F1CFB94-E12E-4583-AE02-AC4FD6C8D249}.Release|Any CPU.ActiveCfg = Release|Any CPU
		{8F1CFB94-E12E-4583-AE02-AC4FD6C8D249}.Release|Any CPU.Build.0 = Release|Any CPU
		{B972A901-EE18-4499-99AF-24FFD66E2084}.Debug|Any CPU.ActiveCfg = Debug|Any CPU
		{B972A901-EE18-4499-99AF-24FFD66E2084}.Debug|Any CPU.Build.0 = Debug|Any CPU
		{B972A901-EE18-4499-99AF-24FFD66E2084}.Release|Any CPU.ActiveCfg = Release|Any CPU
		{B972A901-EE18-4499-99AF-24FFD66E2084}.Release|Any CPU.Build.0 = Release|Any CPU
	EndGlobalSection
EndGlobal
